
Microsoft Visual Studio Solution File, Format Version 12.00
# Visual Studio Version 16
VisualStudioVersion = 16.0.32802.440
MinimumVisualStudioVersion = 10.0.40219.1
Project("{FAE04EC0-301F-11D3-BF4B-00C04F79EFBC}") = "APP-WindowsForms_RelationalDataBase_and_stored-procedure", "APP-WindowsForms_RelationalDataBase_and_stored-procedure\APP-WindowsForms_RelationalDataBase_and_stored-procedure.csproj", "{73292DCA-9182-48E2-A345-E0BC88F65BF5}"
EndProject
Global
	GlobalSection(SolutionConfigurationPlatforms) = preSolution
		Debug|Any CPU = Debug|Any CPU
		Release|Any CPU = Release|Any CPU
	EndGlobalSection
	GlobalSection(ProjectConfigurationPlatforms) = postSolution
		{73292DCA-9182-48E2-A345-E0BC88F65BF5}.Debug|Any CPU.ActiveCfg = Debug|Any CPU
		{73292DCA-9182-48E2-A345-E0BC88F65BF5}.Debug|Any CPU.Build.0 = Debug|Any CPU
		{73292DCA-9182-48E2-A345-E0BC88F65BF5}.Release|Any CPU.ActiveCfg = Release|Any CPU
		{73292DCA-9182-48E2-A345-E0BC88F65BF5}.Release|Any CPU.Build.0 = Release|Any CPU
	EndGlobalSection
	GlobalSection(SolutionProperties) = preSolution
		HideSolutionNode = FALSE
	EndGlobalSection
	GlobalSection(ExtensibilityGlobals) = postSolution
		SolutionGuid = {ECDEBA3F-E680-4E42-86FA-56776F07E4EB}
	EndGlobalSection
EndGlobal
